
Microsoft Visual Studio Solution File, Format Version 12.00
# Visual Studio Version 17
VisualStudioVersion = 17.8.34330.188
MinimumVisualStudioVersion = 10.0.40219.1
Project("{8BC9CEB8-8B4A-11D0-8D11-00A0C91BC942}") = "01CallByValue", "01CallByValue\01CallByValue.vcxproj", "{A8E2A2D2-EDDE-42C3-9EAA-C9DC8878C577}"
EndProject
Project("{8BC9CEB8-8B4A-11D0-8D11-00A0C91BC942}") = "01CallByValueArr", "01CallByValueArr\01CallByValueArr.vcxproj", "{463A3605-740D-44AA-93ED-0673531B311C}"
EndProject
Project("{8BC9CEB8-8B4A-11D0-8D11-00A0C91BC942}") = "01CallByValueClass", "01CallByValueClass\01CallByValueClass.vcxproj", "{ED088293-70AD-41F8-B530-BA49F3A73185}"
EndProject
Project("{8BC9CEB8-8B4A-11D0-8D11-00A0C91BC942}") = "02CallByReference", "02CallByReference\02CallByReference.vcxproj", "{AE95F169-EF08-4382-8B55-7B943004176A}"
EndProject
Project("{8BC9CEB8-8B4A-11D0-8D11-00A0C91BC942}") = "02CallByReferenceArr", "02CallByReferenceArr\02CallByReferenceArr.vcxproj", "{81C84579-6692-49B1-A8FD-73614272581B}"
EndProject
Project("{8BC9CEB8-8B4A-11D0-8D11-00A0C91BC942}") = "02CallByReferenceClass", "02CallByReferenceClass\02CallByReferenceClass.vcxproj", "{F46630FD-8E8A-40CD-AFC0-12BC527830AA}"
EndProject
Project("{8BC9CEB8-8B4A-11D0-8D11-00A0C91BC942}") = "03ReturnTypeClass", "03ReturnTypeClass\03ReturnTypeClass.vcxproj", "{D985782E-602B-4D12-9C65-B4AA412F8FC7}"
EndProject
Project("{8BC9CEB8-8B4A-11D0-8D11-00A0C91BC942}") = "04VariadicArguments", "04VariadicArguments\04VariadicArguments.vcxproj", "{8EDA308D-FA5A-4D19-9198-F4F73B86ED21}"
EndProject
Project("{8BC9CEB8-8B4A-11D0-8D11-00A0C91BC942}") = "04VariadicArguments2", "04VariadicArguments2\04VariadicArguments2.vcxproj", "{22E5F20A-49E6-46DA-A695-75956F063664}"
EndProject
Project("{8BC9CEB8-8B4A-11D0-8D11-00A0C91BC942}") = "05VariadicArgumentClass", "05VariadicArgumentClass\05VariadicArgumentClass.vcxproj", "{FD17E6FF-D17D-4A7E-AD26-84DA7B7EFB7E}"
EndProject
Project("{8BC9CEB8-8B4A-11D0-8D11-00A0C91BC942}") = "06thiscall", "06thiscall\06thiscall.vcxproj", "{5DBFBD74-AB46-4177-84F6-B68D249619E3}"
EndProject
Project("{8BC9CEB8-8B4A-11D0-8D11-00A0C91BC942}") = "07InvalidThis", "07InvalidThis\07InvalidThis.vcxproj", "{E400E1E5-1933-4B82-AA5A-1FA382B98EF7}"
EndProject
Project("{8BC9CEB8-8B4A-11D0-8D11-00A0C91BC942}") = "08Functor", "08Functor\08Functor.vcxproj", "{E036E740-F01C-4518-872D-5CDF07507FA0}"
EndProject
Project("{8BC9CEB8-8B4A-11D0-8D11-00A0C91BC942}") = "09Lambda", "09Lambda\09Lambda.vcxproj", "{AD2391CC-49B9-440A-8A8A-94B478014398}"
EndProject
Project("{8BC9CEB8-8B4A-11D0-8D11-00A0C91BC942}") = "10StdFunction", "10StdFunction\10StdFunction.vcxproj", "{B6460D56-2135-4327-9387-341184203A28}"
EndProject
Project("{8BC9CEB8-8B4A-11D0-8D11-00A0C91BC942}") = "11CFunction", "11CFunction\11CFunction.vcxproj", "{F4061B49-2542-4943-8F8B-B16533C3BD69}"
EndProject
Global
	GlobalSection(SolutionConfigurationPlatforms) = preSolution
		Debug|x64 = Debug|x64
		Debug|x86 = Debug|x86
		Release|x64 = Release|x64
		Release|x86 = Release|x86
	EndGlobalSection
	GlobalSection(ProjectConfigurationPlatforms) = postSolution
		{A8E2A2D2-EDDE-42C3-9EAA-C9DC8878C577}.Debug|x64.ActiveCfg = Debug|x64
		{A8E2A2D2-EDDE-42C3-9EAA-C9DC8878C577}.Debug|x64.Build.0 = Debug|x64
		{A8E2A2D2-EDDE-42C3-9EAA-C9DC8878C577}.Debug|x86.ActiveCfg = Debug|Win32
		{A8E2A2D2-EDDE-42C3-9EAA-C9DC8878C577}.Debug|x86.Build.0 = Debug|Win32
		{A8E2A2D2-EDDE-42C3-9EAA-C9DC8878C577}.Release|x64.ActiveCfg = Release|x64
		{A8E2A2D2-EDDE-42C3-9EAA-C9DC8878C577}.Release|x64.Build.0 = Release|x64
		{A8E2A2D2-EDDE-42C3-9EAA-C9DC8878C577}.Release|x86.ActiveCfg = Release|Win32
		{A8E2A2D2-EDDE-42C3-9EAA-C9DC8878C577}.Release|x86.Build.0 = Release|Win32
		{463A3605-740D-44AA-93ED-0673531B311C}.Debug|x64.ActiveCfg = Debug|x64
		{463A3605-740D-44AA-93ED-0673531B311C}.Debug|x64.Build.0 = Debug|x64
		{463A3605-740D-44AA-93ED-0673531B311C}.Debug|x86.ActiveCfg = Debug|Win32
		{463A3605-740D-44AA-93ED-0673531B311C}.Debug|x86.Build.0 = Debug|Win32
		{463A3605-740D-44AA-93ED-0673531B311C}.Release|x64.ActiveCfg = Release|x64
		{463A3605-740D-44AA-93ED-0673531B311C}.Release|x64.Build.0 = Release|x64
		{463A3605-740D-44AA-93ED-0673531B311C}.Release|x86.ActiveCfg = Release|Win32
		{463A3605-740D-44AA-93ED-0673531B311C}.Release|x86.Build.0 = Release|Win32
		{ED088293-70AD-41F8-B530-BA49F3A73185}.Debug|x64.ActiveCfg = Debug|x64
		{ED088293-70AD-41F8-B530-BA49F3A73185}.Debug|x64.Build.0 = Debug|x64
		{ED088293-70AD-41F8-B530-BA49F3A73185}.Debug|x86.ActiveCfg = Debug|Win32
		{ED088293-70AD-41F8-B530-BA49F3A73185}.Debug|x86.Build.0 = Debug|Win32
		{ED088293-70AD-41F8-B530-BA49F3A73185}.Release|x64.ActiveCfg = Release|x64
		{ED088293-70AD-41F8-B530-BA49F3A73185}.Release|x64.Build.0 = Release|x64
		{ED088293-70AD-41F8-B530-BA49F3A73185}.Release|x86.ActiveCfg = Release|Win32
		{ED088293-70AD-41F8-B530-BA49F3A73185}.Release|x86.Build.0 = Release|Win32
		{AE95F169-EF08-4382-8B55-7B943004176A}.Debug|x64.ActiveCfg = Debug|x64
		{AE95F169-EF08-4382-8B55-7B943004176A}.Debug|x64.Build.0 = Debug|x64
		{AE95F169-EF08-4382-8B55-7B943004176A}.Debug|x86.ActiveCfg = Debug|Win32
		{AE95F169-EF08-4382-8B55-7B943004176A}.Debug|x86.Build.0 = Debug|Win32
		{AE95F169-EF08-4382-8B55-7B943004176A}.Release|x64.ActiveCfg = Release|x64
		{AE95F169-EF08-4382-8B55-7B943004176A}.Release|x64.Build.0 = Release|x64
		{AE95F169-EF08-4382-8B55-7B943004176A}.Release|x86.ActiveCfg = Release|Win32
		{AE95F169-EF08-4382-8B55-7B943004176A}.Release|x86.Build.0 = Release|Win32
		{81C84579-6692-49B1-A8FD-73614272581B}.Debug|x64.ActiveCfg = Debug|x64
		{81C84579-6692-49B1-A8FD-73614272581B}.Debug|x64.Build.0 = Debug|x64
		{81C84579-6692-49B1-A8FD-73614272581B}.Debug|x86.ActiveCfg = Debug|Win32
		{81C84579-6692-49B1-A8FD-73614272581B}.Debug|x86.Build.0 = Debug|Win32
		{81C84579-6692-49B1-A8FD-73614272581B}.Release|x64.ActiveCfg = Release|x64
		{81C84579-6692-49B1-A8FD-73614272581B}.Release|x64.Build.0 = Release|x64
		{81C84579-6692-49B1-A8FD-73614272581B}.Release|x86.ActiveCfg = Release|Win32
		{81C84579-6692-49B1-A8FD-73614272581B}.Release|x86.Build.0 = Release|Win32
		{F46630FD-8E8A-40CD-AFC0-12BC527830AA}.Debug|x64.ActiveCfg = Debug|x64
		{F46630FD-8E8A-40CD-AFC0-12BC527830AA}.Debug|x64.Build.0 = Debug|x64
		{F46630FD-8E8A-40CD-AFC0-12BC527830AA}.Debug|x86.ActiveCfg = Debug|Win32
		{F46630FD-8E8A-40CD-AFC0-12BC527830AA}.Debug|x86.Build.0 = Debug|Win32
		{F46630FD-8E8A-40CD-AFC0-12BC527830AA}.Release|x64.ActiveCfg = Release|x64
		{F46630FD-8E8A-40CD-AFC0-12BC527830AA}.Release|x64.Build.0 = Release|x64
		{F46630FD-8E8A-40CD-AFC0-12BC527830AA}.Release|x86.ActiveCfg = Release|Win32
		{F46630FD-8E8A-40CD-AFC0-12BC527830AA}.Release|x86.Build.0 = Release|Win32
		{D985782E-602B-4D12-9C65-B4AA412F8FC7}.Debug|x64.ActiveCfg = Debug|x64
		{D985782E-602B-4D12-9C65-B4AA412F8FC7}.Debug|x64.Build.0 = Debug|x64
		{D985782E-602B-4D12-9C65-B4AA412F8FC7}.Debug|x86.ActiveCfg = Debug|Win32
		{D985782E-602B-4D12-9C65-B4AA412F8FC7}.Debug|x86.Build.0 = Debug|Win32
		{D985782E-602B-4D12-9C65-B4AA412F8FC7}.Release|x64.ActiveCfg = Release|x64
		{D985782E-602B-4D12-9C65-B4AA412F8FC7}.Release|x64.Build.0 = Release|x64
		{D985782E-602B-4D12-9C65-B4AA412F8FC7}.Release|x86.ActiveCfg = Release|Win32
		{D985782E-602B-4D12-9C65-B4AA412F8FC7}.Release|x86.Build.0 = Release|Win32
		{8EDA308D-FA5A-4D19-9198-F4F73B86ED21}.Debug|x64.ActiveCfg = Debug|x64
		{8EDA308D-FA5A-4D19-9198-F4F73B86ED21}.Debug|x64.Build.0 = Debug|x64
		{8EDA308D-FA5A-4D19-9198-F4F73B86ED21}.Debug|x86.ActiveCfg = Debug|Win32
		{8EDA308D-FA5A-4D19-9198-F4F73B86ED21}.Debug|x86.Build.0 = Debug|Win32
		{8EDA308D-FA5A-4D19-9198-F4F73B86ED21}.Release|x64.ActiveCfg = Release|x64
		{8EDA308D-FA5A-4D19-9198-F4F73B86ED21}.Release|x64.Build.0 = Release|x64
		{8EDA308D-FA5A-4D19-9198-F4F73B86ED21}.Release|x86.ActiveCfg = Release|Win32
		{8EDA308D-FA5A-4D19-9198-F4F73B86ED21}.Release|x86.Build.0 = Release|Win32
		{22E5F20A-49E6-46DA-A695-75956F063664}.Debug|x64.ActiveCfg = Debug|x64
		{22E5F20A-49E6-46DA-A695-75956F063664}.Debug|x64.Build.0 = Debug|x64
		{22E5F20A-49E6-46DA-A695-75956F063664}.Debug|x86.ActiveCfg = Debug|Win32
		{22E5F20A-49E6-46DA-A695-75956F063664}.Debug|x86.Build.0 = Debug|Win32
		{22E5F20A-49E6-46DA-A695-75956F063664}.Release|x64.ActiveCfg = Release|x64
		{22E5F20A-49E6-46DA-A695-75956F063664}.Release|x64.Build.0 = Release|x64
		{22E5F20A-49E6-46DA-A695-75956F063664}.Release|x86.ActiveCfg = Release|Win32
		{22E5F20A-49E6-46DA-A695-75956F063664}.Release|x86.Build.0 = Release|Win32
		{FD17E6FF-D17D-4A7E-AD26-84DA7B7EFB7E}.Debug|x64.ActiveCfg = Debug|x64
		{FD17E6FF-D17D-4A7E-AD26-84DA7B7EFB7E}.Debug|x64.Build.0 = Debug|x64
		{FD17E6FF-D17D-4A7E-AD26-84DA7B7EFB7E}.Debug|x86.ActiveCfg = Debug|Win32
		{FD17E6FF-D17D-4A7E-AD26-84DA7B7EFB7E}.Debug|x86.Build.0 = Debug|Win32
		{FD17E6FF-D17D-4A7E-AD26-84DA7B7EFB7E}.Release|x64.ActiveCfg = Release|x64
		{FD17E6FF-D17D-4A7E-AD26-84DA7B7EFB7E}.Release|x64.Build.0 = Release|x64
		{FD17E6FF-D17D-4A7E-AD26-84DA7B7EFB7E}.Release|x86.ActiveCfg = Release|Win32
		{FD17E6FF-D17D-4A7E-AD26-84DA7B7EFB7E}.Release|x86.Build.0 = Release|Win32
		{5DBFBD74-AB46-4177-84F6-B68D249619E3}.Debug|x64.ActiveCfg = Debug|x64
		{5DBFBD74-AB46-4177-84F6-B68D249619E3}.Debug|x64.Build.0 = Debug|x64
		{5DBFBD74-AB46-4177-84F6-B68D249619E3}.Debug|x86.ActiveCfg = Debug|Win32
		{5DBFBD74-AB46-4177-84F6-B68D249619E3}.Debug|x86.Build.0 = Debug|Win32
		{5DBFBD74-AB46-4177-84F6-B68D249619E3}.Release|x64.ActiveCfg = Release|x64
		{5DBFBD74-AB46-4177-84F6-B68D249619E3}.Release|x64.Build.0 = Release|x64
		{5DBFBD74-AB46-4177-84F6-B68D249619E3}.Release|x86.ActiveCfg = Release|Win32
		{5DBFBD74-AB46-4177-84F6-B68D249619E3}.Release|x86.Build.0 = Release|Win32
		{E400E1E5-1933-4B82-AA5A-1FA382B98EF7}.Debug|x64.ActiveCfg = Debug|x64
		{E400E1E5-1933-4B82-AA5A-1FA382B98EF7}.Debug|x64.Build.0 = Debug|x64
		{E400E1E5-1933-4B82-AA5A-1FA382B98EF7}.Debug|x86.ActiveCfg = Debug|Win32
		{E400E1E5-1933-4B82-AA5A-1FA382B98EF7}.Debug|x86.Build.0 = Debug|Win32
		{E400E1E5-1933-4B82-AA5A-1FA382B98EF7}.Release|x64.ActiveCfg = Release|x64
		{E400E1E5-1933-4B82-AA5A-1FA382B98EF7}.Release|x64.Build.0 = Release|x64
		{E400E1E5-1933-4B82-AA5A-1FA382B98EF7}.Release|x86.ActiveCfg = Release|Win32
		{E400E1E5-1933-4B82-AA5A-1FA382B98EF7}.Release|x86.Build.0 = Release|Win32
		{E036E740-F01C-4518-872D-5CDF07507FA0}.Debug|x64.ActiveCfg = Debug|x64
		{E036E740-F01C-4518-872D-5CDF07507FA0}.Debug|x64.Build.0 = Debug|x64
		{E036E740-F01C-4518-872D-5CDF07507FA0}.Debug|x86.ActiveCfg = Debug|Win32
		{E036E740-F01C-4518-872D-5CDF07507FA0}.Debug|x86.Build.0 = Debug|Win32
		{E036E740-F01C-4518-872D-5CDF07507FA0}.Release|x64.ActiveCfg = Release|x64
		{E036E740-F01C-4518-872D-5CDF07507FA0}.Release|x64.Build.0 = Release|x64
		{E036E740-F01C-4518-872D-5CDF07507FA0}.Release|x86.ActiveCfg = Release|Win32
		{E036E740-F01C-4518-872D-5CDF07507FA0}.Release|x86.Build.0 = Release|Win32
		{AD2391CC-49B9-440A-8A8A-94B478014398}.Debug|x64.ActiveCfg = Debug|x64
		{AD2391CC-49B9-440A-8A8A-94B478014398}.Debug|x64.Build.0 = Debug|x64
		{AD2391CC-49B9-440A-8A8A-94B478014398}.Debug|x86.ActiveCfg = Debug|Win32
		{AD2391CC-49B9-440A-8A8A-94B478014398}.Debug|x86.Build.0 = Debug|Win32
		{AD2391CC-49B9-440A-8A8A-94B478014398}.Release|x64.ActiveCfg = Release|x64
		{AD2391CC-49B9-440A-8A8A-94B478014398}.Release|x64.Build.0 = Release|x64
		{AD2391CC-49B9-440A-8A8A-94B478014398}.Release|x86.ActiveCfg = Release|Win32
		{AD2391CC-49B9-440A-8A8A-94B478014398}.Release|x86.Build.0 = Release|Win32
		{B6460D56-2135-4327-9387-341184203A28}.Debug|x64.ActiveCfg = Debug|x64
		{B6460D56-2135-4327-9387-341184203A28}.Debug|x64.Build.0 = Debug|x64
		{B6460D56-2135-4327-9387-341184203A28}.Debug|x86.ActiveCfg = Debug|Win32
		{B6460D56-2135-4327-9387-341184203A28}.Debug|x86.Build.0 = Debug|Win32
		{B6460D56-2135-4327-9387-341184203A28}.Release|x64.ActiveCfg = Release|x64
		{B6460D56-2135-4327-9387-341184203A28}.Release|x64.Build.0 = Release|x64
		{B6460D56-2135-4327-9387-341184203A28}.Release|x86.ActiveCfg = Release|Win32
		{B6460D56-2135-4327-9387-341184203A28}.Release|x86.Build.0 = Release|Win32
		{F4061B49-2542-4943-8F8B-B16533C3BD69}.Debug|x64.ActiveCfg = Debug|x64
		{F4061B49-2542-4943-8F8B-B16533C3BD69}.Debug|x64.Build.0 = Debug|x64
		{F4061B49-2542-4943-8F8B-B16533C3BD69}.Debug|x86.ActiveCfg = Debug|Win32
		{F4061B49-2542-4943-8F8B-B16533C3BD69}.Debug|x86.Build.0 = Debug|Win32
		{F4061B49-2542-4943-8F8B-B16533C3BD69}.Release|x64.ActiveCfg = Release|x64
		{F4061B49-2542-4943-8F8B-B16533C3BD69}.Release|x64.Build.0 = Release|x64
		{F4061B49-2542-4943-8F8B-B16533C3BD69}.Release|x86.ActiveCfg = Release|Win32
		{F4061B49-2542-4943-8F8B-B16533C3BD69}.Release|x86.Build.0 = Release|Win32
	EndGlobalSection
	GlobalSection(SolutionProperties) = preSolution
		HideSolutionNode = FALSE
	EndGlobalSection
	GlobalSection(ExtensibilityGlobals) = postSolution
		SolutionGuid = {29A9DEFD-2426-43F6-8383-0038B045C5F1}
	EndGlobalSection
EndGlobal
